// !$*UTF8*$!
{
	archiveVersion = 1;
	classes = {
	};
	objectVersion = 46;
	objects = {

/* Begin PBXBuildFile section */
		993A289D19804DD900B9F8F0 /* Foundation.framework in Frameworks */ = {isa = PBXBuildFile; fileRef = 993A289C19804DD900B9F8F0 /* Foundation.framework */; };
		993A289F19804DD900B9F8F0 /* CoreGraphics.framework in Frameworks */ = {isa = PBXBuildFile; fileRef = 993A289E19804DD900B9F8F0 /* CoreGraphics.framework */; };
		993A28A119804DD900B9F8F0 /* UIKit.framework in Frameworks */ = {isa = PBXBuildFile; fileRef = 993A28A019804DD900B9F8F0 /* UIKit.framework */; };
		993A28A719804DD900B9F8F0 /* InfoPlist.strings in Resources */ = {isa = PBXBuildFile; fileRef = 993A28A519804DD900B9F8F0 /* InfoPlist.strings */; };
		993A28A919804DD900B9F8F0 /* main.m in Sources */ = {isa = PBXBuildFile; fileRef = 993A28A819804DD900B9F8F0 /* main.m */; };
		993A28AD19804DD900B9F8F0 /* AppDelegate.m in Sources */ = {isa = PBXBuildFile; fileRef = 993A28AC19804DD900B9F8F0 /* AppDelegate.m */; };
		993A28B019804DD900B9F8F0 /* Main.storyboard in Resources */ = {isa = PBXBuildFile; fileRef = 993A28AE19804DD900B9F8F0 /* Main.storyboard */; };
		993A28B519804DD900B9F8F0 /* Images.xcassets in Resources */ = {isa = PBXBuildFile; fileRef = 993A28B419804DD900B9F8F0 /* Images.xcassets */; };
		993A28BC19804DD900B9F8F0 /* XCTest.framework in Frameworks */ = {isa = PBXBuildFile; fileRef = 993A28BB19804DD900B9F8F0 /* XCTest.framework */; };
		993A28BD19804DD900B9F8F0 /* Foundation.framework in Frameworks */ = {isa = PBXBuildFile; fileRef = 993A289C19804DD900B9F8F0 /* Foundation.framework */; };
		993A28BE19804DD900B9F8F0 /* UIKit.framework in Frameworks */ = {isa = PBXBuildFile; fileRef = 993A28A019804DD900B9F8F0 /* UIKit.framework */; };
		993A28C619804DD900B9F8F0 /* InfoPlist.strings in Resources */ = {isa = PBXBuildFile; fileRef = 993A28C419804DD900B9F8F0 /* InfoPlist.strings */; };
		993A28C819804DD900B9F8F0 /* RKScrollingSegmentedControlTests.m in Sources */ = {isa = PBXBuildFile; fileRef = 993A28C719804DD900B9F8F0 /* RKScrollingSegmentedControlTests.m */; };
		993A28D319804E1A00B9F8F0 /* RKSwipeBetweenViewControllers.m in Sources */ = {isa = PBXBuildFile; fileRef = 993A28D219804E1A00B9F8F0 /* RKSwipeBetweenViewControllers.m */; };
/* End PBXBuildFile section */

/* Begin PBXContainerItemProxy section */
		993A28BF19804DD900B9F8F0 /* PBXContainerItemProxy */ = {
			isa = PBXContainerItemProxy;
			containerPortal = 993A289119804DD800B9F8F0 /* Project object */;
			proxyType = 1;
			remoteGlobalIDString = 993A289819804DD900B9F8F0;
			remoteInfo = RKScrollingSegmentedControl;
		};
/* End PBXContainerItemProxy section */

/* Begin PBXFileReference section */
		993A289919804DD900B9F8F0 /* RKSwipeBetweenViewControllers.app */ = {isa = PBXFileReference; explicitFileType = wrapper.application; includeInIndex = 0; path = RKSwipeBetweenViewControllers.app; sourceTree = BUILT_PRODUCTS_DIR; };
		993A289C19804DD900B9F8F0 /* Foundation.framework */ = {isa = PBXFileReference; lastKnownFileType = wrapper.framework; name = Foundation.framework; path = System/Library/Frameworks/Foundation.framework; sourceTree = SDKROOT; };
		993A289E19804DD900B9F8F0 /* CoreGraphics.framework */ = {isa = PBXFileReference; lastKnownFileType = wrapper.framework; name = CoreGraphics.framework; path = System/Library/Frameworks/CoreGraphics.framework; sourceTree = SDKROOT; };
		993A28A019804DD900B9F8F0 /* UIKit.framework */ = {isa = PBXFileReference; lastKnownFileType = wrapper.framework; name = UIKit.framework; path = System/Library/Frameworks/UIKit.framework; sourceTree = SDKROOT; };
		993A28A419804DD900B9F8F0 /* RKSwipeBetweenViewControllers-Info.plist */ = {isa = PBXFileReference; lastKnownFileType = text.plist.xml; path = "RKSwipeBetweenViewControllers-Info.plist"; sourceTree = "<group>"; };
		993A28A619804DD900B9F8F0 /* en */ = {isa = PBXFileReference; lastKnownFileType = text.plist.strings; name = en; path = en.lproj/InfoPlist.strings; sourceTree = "<group>"; };
		993A28A819804DD900B9F8F0 /* main.m */ = {isa = PBXFileReference; lastKnownFileType = sourcecode.c.objc; path = main.m; sourceTree = "<group>"; };
		993A28AA19804DD900B9F8F0 /* RKScrollingSegmentedControl-Prefix.pch */ = {isa = PBXFileReference; lastKnownFileType = sourcecode.c.h; path = "RKScrollingSegmentedControl-Prefix.pch"; sourceTree = "<group>"; };
		993A28AB19804DD900B9F8F0 /* AppDelegate.h */ = {isa = PBXFileReference; lastKnownFileType = sourcecode.c.h; path = AppDelegate.h; sourceTree = "<group>"; };
		993A28AC19804DD900B9F8F0 /* AppDelegate.m */ = {isa = PBXFileReference; lastKnownFileType = sourcecode.c.objc; path = AppDelegate.m; sourceTree = "<group>"; };
		993A28AF19804DD900B9F8F0 /* Base */ = {isa = PBXFileReference; lastKnownFileType = file.storyboard; name = Base; path = Base.lproj/Main.storyboard; sourceTree = "<group>"; };
		993A28B419804DD900B9F8F0 /* Images.xcassets */ = {isa = PBXFileReference; lastKnownFileType = folder.assetcatalog; path = Images.xcassets; sourceTree = "<group>"; };
		993A28BA19804DD900B9F8F0 /* RKSwipeBetweenViewControllersTests.xctest */ = {isa = PBXFileReference; explicitFileType = wrapper.cfbundle; includeInIndex = 0; path = RKSwipeBetweenViewControllersTests.xctest; sourceTree = BUILT_PRODUCTS_DIR; };
		993A28BB19804DD900B9F8F0 /* XCTest.framework */ = {isa = PBXFileReference; lastKnownFileType = wrapper.framework; name = XCTest.framework; path = Library/Frameworks/XCTest.framework; sourceTree = DEVELOPER_DIR; };
		993A28C319804DD900B9F8F0 /* RKSwipeBetweenViewControllersTests-Info.plist */ = {isa = PBXFileReference; lastKnownFileType = text.plist.xml; path = "RKSwipeBetweenViewControllersTests-Info.plist"; sourceTree = "<group>"; };
		993A28C519804DD900B9F8F0 /* en */ = {isa = PBXFileReference; lastKnownFileType = text.plist.strings; name = en; path = en.lproj/InfoPlist.strings; sourceTree = "<group>"; };
		993A28C719804DD900B9F8F0 /* RKScrollingSegmentedControlTests.m */ = {isa = PBXFileReference; lastKnownFileType = sourcecode.c.objc; path = RKScrollingSegmentedControlTests.m; sourceTree = "<group>"; };
		993A28D119804E1A00B9F8F0 /* RKSwipeBetweenViewControllers.h */ = {isa = PBXFileReference; fileEncoding = 4; lastKnownFileType = sourcecode.c.h; path = RKSwipeBetweenViewControllers.h; sourceTree = SOURCE_ROOT; };
		993A28D219804E1A00B9F8F0 /* RKSwipeBetweenViewControllers.m */ = {isa = PBXFileReference; fileEncoding = 4; lastKnownFileType = sourcecode.c.objc; path = RKSwipeBetweenViewControllers.m; sourceTree = SOURCE_ROOT; };
/* End PBXFileReference section */

/* Begin PBXFrameworksBuildPhase section */
		993A289619804DD900B9F8F0 /* Frameworks */ = {
			isa = PBXFrameworksBuildPhase;
			buildActionMask = 2147483647;
			files = (
				993A289F19804DD900B9F8F0 /* CoreGraphics.framework in Frameworks */,
				993A28A119804DD900B9F8F0 /* UIKit.framework in Frameworks */,
				993A289D19804DD900B9F8F0 /* Foundation.framework in Frameworks */,
			);
			runOnlyForDeploymentPostprocessing = 0;
		};
		993A28B719804DD900B9F8F0 /* Frameworks */ = {
			isa = PBXFrameworksBuildPhase;
			buildActionMask = 2147483647;
			files = (
				993A28BC19804DD900B9F8F0 /* XCTest.framework in Frameworks */,
				993A28BE19804DD900B9F8F0 /* UIKit.framework in Frameworks */,
				993A28BD19804DD900B9F8F0 /* Foundation.framework in Frameworks */,
			);
			runOnlyForDeploymentPostprocessing = 0;
		};
/* End PBXFrameworksBuildPhase section */

/* Begin PBXGroup section */
		993A289019804DD800B9F8F0 = {
			isa = PBXGroup;
			children = (
				993A28A219804DD900B9F8F0 /* RKScrollingSegmentedControl */,
				993A28C119804DD900B9F8F0 /* RKScrollingSegmentedControlTests */,
				993A289B19804DD900B9F8F0 /* Frameworks */,
				993A289A19804DD900B9F8F0 /* Products */,
			);
			sourceTree = "<group>";
		};
		993A289A19804DD900B9F8F0 /* Products */ = {
			isa = PBXGroup;
			children = (
				993A289919804DD900B9F8F0 /* RKSwipeBetweenViewControllers.app */,
				993A28BA19804DD900B9F8F0 /* RKSwipeBetweenViewControllersTests.xctest */,
			);
			name = Products;
			sourceTree = "<group>";
		};
		993A289B19804DD900B9F8F0 /* Frameworks */ = {
			isa = PBXGroup;
			children = (
				993A289C19804DD900B9F8F0 /* Foundation.framework */,
				993A289E19804DD900B9F8F0 /* CoreGraphics.framework */,
				993A28A019804DD900B9F8F0 /* UIKit.framework */,
				993A28BB19804DD900B9F8F0 /* XCTest.framework */,
			);
			name = Frameworks;
			sourceTree = "<group>";
		};
		993A28A219804DD900B9F8F0 /* RKScrollingSegmentedControl */ = {
			isa = PBXGroup;
			children = (
				993A28AB19804DD900B9F8F0 /* AppDelegate.h */,
				993A28AC19804DD900B9F8F0 /* AppDelegate.m */,
				993A28AE19804DD900B9F8F0 /* Main.storyboard */,
				993A28B419804DD900B9F8F0 /* Images.xcassets */,
				993A28D119804E1A00B9F8F0 /* RKSwipeBetweenViewControllers.h */,
				993A28D219804E1A00B9F8F0 /* RKSwipeBetweenViewControllers.m */,
				993A28A319804DD900B9F8F0 /* Supporting Files */,
			);
			path = RKScrollingSegmentedControl;
			sourceTree = "<group>";
		};
		993A28A319804DD900B9F8F0 /* Supporting Files */ = {
			isa = PBXGroup;
			children = (
				993A28A419804DD900B9F8F0 /* RKSwipeBetweenViewControllers-Info.plist */,
				993A28A519804DD900B9F8F0 /* InfoPlist.strings */,
				993A28A819804DD900B9F8F0 /* main.m */,
				993A28AA19804DD900B9F8F0 /* RKScrollingSegmentedControl-Prefix.pch */,
			);
			name = "Supporting Files";
			sourceTree = "<group>";
		};
		993A28C119804DD900B9F8F0 /* RKScrollingSegmentedControlTests */ = {
			isa = PBXGroup;
			children = (
				993A28C719804DD900B9F8F0 /* RKScrollingSegmentedControlTests.m */,
				993A28C219804DD900B9F8F0 /* Supporting Files */,
			);
			path = RKScrollingSegmentedControlTests;
			sourceTree = "<group>";
		};
		993A28C219804DD900B9F8F0 /* Supporting Files */ = {
			isa = PBXGroup;
			children = (
				993A28C319804DD900B9F8F0 /* RKSwipeBetweenViewControllersTests-Info.plist */,
				993A28C419804DD900B9F8F0 /* InfoPlist.strings */,
			);
			name = "Supporting Files";
			sourceTree = "<group>";
		};
/* End PBXGroup section */

/* Begin PBXNativeTarget section */
		993A289819804DD900B9F8F0 /* RKSwipeBetweenViewControllers */ = {
			isa = PBXNativeTarget;
			buildConfigurationList = 993A28CB19804DD900B9F8F0 /* Build configuration list for PBXNativeTarget "RKSwipeBetweenViewControllers" */;
			buildPhases = (
				993A289519804DD900B9F8F0 /* Sources */,
				993A289619804DD900B9F8F0 /* Frameworks */,
				993A289719804DD900B9F8F0 /* Resources */,
			);
			buildRules = (
			);
			dependencies = (
			);
			name = RKSwipeBetweenViewControllers;
			productName = RKScrollingSegmentedControl;
			productReference = 993A289919804DD900B9F8F0 /* RKSwipeBetweenViewControllers.app */;
			productType = "com.apple.product-type.application";
		};
		993A28B919804DD900B9F8F0 /* RKSwipeBetweenViewControllersTests */ = {
			isa = PBXNativeTarget;
			buildConfigurationList = 993A28CE19804DD900B9F8F0 /* Build configuration list for PBXNativeTarget "RKSwipeBetweenViewControllersTests" */;
			buildPhases = (
				993A28B619804DD900B9F8F0 /* Sources */,
				993A28B719804DD900B9F8F0 /* Frameworks */,
				993A28B819804DD900B9F8F0 /* Resources */,
			);
			buildRules = (
			);
			dependencies = (
				993A28C019804DD900B9F8F0 /* PBXTargetDependency */,
			);
			name = RKSwipeBetweenViewControllersTests;
			productName = RKScrollingSegmentedControlTests;
			productReference = 993A28BA19804DD900B9F8F0 /* RKSwipeBetweenViewControllersTests.xctest */;
			productType = "com.apple.product-type.bundle.unit-test";
		};
/* End PBXNativeTarget section */

/* Begin PBXProject section */
		993A289119804DD800B9F8F0 /* Project object */ = {
			isa = PBXProject;
			attributes = {
				LastUpgradeCheck = 0510;
				ORGANIZATIONNAME = "Richard Kim";
				TargetAttributes = {
					993A28B919804DD900B9F8F0 = {
						TestTargetID = 993A289819804DD900B9F8F0;
					};
				};
			};
			buildConfigurationList = 993A289419804DD800B9F8F0 /* Build configuration list for PBXProject "RKSwipeBetweenViewControllers" */;
			compatibilityVersion = "Xcode 3.2";
			developmentRegion = English;
			hasScannedForEncodings = 0;
			knownRegions = (
				en,
				Base,
			);
			mainGroup = 993A289019804DD800B9F8F0;
			productRefGroup = 993A289A19804DD900B9F8F0 /* Products */;
			projectDirPath = "";
			projectRoot = "";
			targets = (
				993A289819804DD900B9F8F0 /* RKSwipeBetweenViewControllers */,
				993A28B919804DD900B9F8F0 /* RKSwipeBetweenViewControllersTests */,
			);
		};
/* End PBXProject section */

/* Begin PBXResourcesBuildPhase section */
		993A289719804DD900B9F8F0 /* Resources */ = {
			isa = PBXResourcesBuildPhase;
			buildActionMask = 2147483647;
			files = (
				993A28B519804DD900B9F8F0 /* Images.xcassets in Resources */,
				993A28A719804DD900B9F8F0 /* InfoPlist.strings in Resources */,
				993A28B019804DD900B9F8F0 /* Main.storyboard in Resources */,
			);
			runOnlyForDeploymentPostprocessing = 0;
		};
		993A28B819804DD900B9F8F0 /* Resources */ = {
			isa = PBXResourcesBuildPhase;
			buildActionMask = 2147483647;
			files = (
				993A28C619804DD900B9F8F0 /* InfoPlist.strings in Resources */,
			);
			runOnlyForDeploymentPostprocessing = 0;
		};
/* End PBXResourcesBuildPhase section */

/* Begin PBXSourcesBuildPhase section */
		993A289519804DD900B9F8F0 /* Sources */ = {
			isa = PBXSourcesBuildPhase;
			buildActionMask = 2147483647;
			files = (
				993A28D319804E1A00B9F8F0 /* RKSwipeBetweenViewControllers.m in Sources */,
				993A28AD19804DD900B9F8F0 /* AppDelegate.m in Sources */,
				993A28A919804DD900B9F8F0 /* main.m in Sources */,
			);
			runOnlyForDeploymentPostprocessing = 0;
		};
		993A28B619804DD900B9F8F0 /* Sources */ = {
			isa = PBXSourcesBuildPhase;
			buildActionMask = 2147483647;
			files = (
				993A28C819804DD900B9F8F0 /* RKScrollingSegmentedControlTests.m in Sources */,
			);
			runOnlyForDeploymentPostprocessing = 0;
		};
/* End PBXSourcesBuildPhase section */

/* Begin PBXTargetDependency section */
		993A28C019804DD900B9F8F0 /* PBXTargetDependency */ = {
			isa = PBXTargetDependency;
			target = 993A289819804DD900B9F8F0 /* RKSwipeBetweenViewControllers */;
			targetProxy = 993A28BF19804DD900B9F8F0 /* PBXContainerItemProxy */;
		};
/* End PBXTargetDependency section */

/* Begin PBXVariantGroup section */
		993A28A519804DD900B9F8F0 /* InfoPlist.strings */ = {
			isa = PBXVariantGroup;
			children = (
				993A28A619804DD900B9F8F0 /* en */,
			);
			name = InfoPlist.strings;
			sourceTree = "<group>";
		};
		993A28AE19804DD900B9F8F0 /* Main.storyboard */ = {
			isa = PBXVariantGroup;
			children = (
				993A28AF19804DD900B9F8F0 /* Base */,
			);
			name = Main.storyboard;
			sourceTree = "<group>";
		};
		993A28C419804DD900B9F8F0 /* InfoPlist.strings */ = {
			isa = PBXVariantGroup;
			children = (
				993A28C519804DD900B9F8F0 /* en */,
			);
			name = InfoPlist.strings;
			sourceTree = "<group>";
		};
/* End PBXVariantGroup section */

/* Begin XCBuildConfiguration section */
		993A28C919804DD900B9F8F0 /* Debug */ = {
			isa = XCBuildConfiguration;
			buildSettings = {
				ALWAYS_SEARCH_USER_PATHS = NO;
				CLANG_CXX_LANGUAGE_STANDARD = "gnu++0x";
				CLANG_CXX_LIBRARY = "libc++";
				CLANG_ENABLE_MODULES = YES;
				CLANG_ENABLE_OBJC_ARC = YES;
				CLANG_WARN_BOOL_CONVERSION = YES;
				CLANG_WARN_CONSTANT_CONVERSION = YES;
				CLANG_WARN_DIRECT_OBJC_ISA_USAGE = YES_ERROR;
				CLANG_WARN_EMPTY_BODY = YES;
				CLANG_WARN_ENUM_CONVERSION = YES;
				CLANG_WARN_INT_CONVERSION = YES;
				CLANG_WARN_OBJC_ROOT_CLASS = YES_ERROR;
				CLANG_WARN__DUPLICATE_METHOD_MATCH = YES;
				"CODE_SIGN_IDENTITY[sdk=iphoneos*]" = "iPhone Developer";
				COPY_PHASE_STRIP = NO;
				GCC_C_LANGUAGE_STANDARD = gnu99;
				GCC_DYNAMIC_NO_PIC = NO;
				GCC_OPTIMIZATION_LEVEL = 0;
				GCC_PREPROCESSOR_DEFINITIONS = (
					"DEBUG=1",
					"$(inherited)",
				);
				GCC_SYMBOLS_PRIVATE_EXTERN = NO;
				GCC_WARN_64_TO_32_BIT_CONVERSION = YES;
				GCC_WARN_ABOUT_RETURN_TYPE = YES_ERROR;
				GCC_WARN_UNDECLARED_SELECTOR = YES;
				GCC_WARN_UNINITIALIZED_AUTOS = YES_AGGRESSIVE;
				GCC_WARN_UNUSED_FUNCTION = YES;
				GCC_WARN_UNUSED_VARIABLE = YES;
				IPHONEOS_DEPLOYMENT_TARGET = 7.1;
				ONLY_ACTIVE_ARCH = YES;
				SDKROOT = iphoneos;
			};
			name = Debug;
		};
		993A28CA19804DD900B9F8F0 /* Release */ = {
			isa = XCBuildConfiguration;
			buildSettings = {
				ALWAYS_SEARCH_USER_PATHS = NO;
				CLANG_CXX_LANGUAGE_STANDARD = "gnu++0x";
				CLANG_CXX_LIBRARY = "libc++";
				CLANG_ENABLE_MODULES = YES;
				CLANG_ENABLE_OBJC_ARC = YES;
				CLANG_WARN_BOOL_CONVERSION = YES;
				CLANG_WARN_CONSTANT_CONVERSION = YES;
				CLANG_WARN_DIRECT_OBJC_ISA_USAGE = YES_ERROR;
				CLANG_WARN_EMPTY_BODY = YES;
				CLANG_WARN_ENUM_CONVERSION = YES;
				CLANG_WARN_INT_CONVERSION = YES;
				CLANG_WARN_OBJC_ROOT_CLASS = YES_ERROR;
				CLANG_WARN__DUPLICATE_METHOD_MATCH = YES;
				"CODE_SIGN_IDENTITY[sdk=iphoneos*]" = "iPhone Developer";
				COPY_PHASE_STRIP = YES;
				ENABLE_NS_ASSERTIONS = NO;
				GCC_C_LANGUAGE_STANDARD = gnu99;
				GCC_WARN_64_TO_32_BIT_CONVERSION = YES;
				GCC_WARN_ABOUT_RETURN_TYPE = YES_ERROR;
				GCC_WARN_UNDECLARED_SELECTOR = YES;
				GCC_WARN_UNINITIALIZED_AUTOS = YES_AGGRESSIVE;
				GCC_WARN_UNUSED_FUNCTION = YES;
				GCC_WARN_UNUSED_VARIABLE = YES;
				IPHONEOS_DEPLOYMENT_TARGET = 7.1;
				SDKROOT = iphoneos;
				VALIDATE_PRODUCT = YES;
			};
			name = Release;
		};
		993A28CC19804DD900B9F8F0 /* Debug */ = {
			isa = XCBuildConfiguration;
			buildSettings = {
				ASSETCATALOG_COMPILER_APPICON_NAME = AppIcon;
				ASSETCATALOG_COMPILER_LAUNCHIMAGE_NAME = LaunchImage;
				GCC_PRECOMPILE_PREFIX_HEADER = YES;
				GCC_PREFIX_HEADER = "RKScrollingSegmentedControl/RKSwipeBetweenViewControllers-Prefix.pch";
				INFOPLIST_FILE = "RKScrollingSegmentedControl/RKSwipeBetweenViewControllers-Info.plist";
				PRODUCT_NAME = RKSwipeBetweenViewControllers;
				WRAPPER_EXTENSION = app;
			};
			name = Debug;
		};
		993A28CD19804DD900B9F8F0 /* Release */ = {
			isa = XCBuildConfiguration;
			buildSettings = {
				ASSETCATALOG_COMPILER_APPICON_NAME = AppIcon;
				ASSETCATALOG_COMPILER_LAUNCHIMAGE_NAME = LaunchImage;
				GCC_PRECOMPILE_PREFIX_HEADER = YES;
				GCC_PREFIX_HEADER = "RKScrollingSegmentedControl/RKSwipeBetweenViewControllers-Prefix.pch";
				INFOPLIST_FILE = "RKScrollingSegmentedControl/RKSwipeBetweenViewControllers-Info.plist";
				PRODUCT_NAME = RKSwipeBetweenViewControllers;
				WRAPPER_EXTENSION = app;
			};
			name = Release;
		};
		993A28CF19804DD900B9F8F0 /* Debug */ = {
			isa = XCBuildConfiguration;
			buildSettings = {
				BUNDLE_LOADER = "$(BUILT_PRODUCTS_DIR)/RKScrollingSegmentedControl.app/RKScrollingSegmentedControl";
				FRAMEWORK_SEARCH_PATHS = (
					"$(SDKROOT)/Developer/Library/Frameworks",
					"$(inherited)",
					"$(DEVELOPER_FRAMEWORKS_DIR)",
				);
				GCC_PRECOMPILE_PREFIX_HEADER = YES;
				GCC_PREFIX_HEADER = "RKScrollingSegmentedControl/RKScrollingSegmentedControl-Prefix.pch";
				GCC_PREPROCESSOR_DEFINITIONS = (
					"DEBUG=1",
					"$(inherited)",
				);
				INFOPLIST_FILE = "RKScrollingSegmentedControlTests/RKSwipeBetweenViewControllersTests-Info.plist";
				PRODUCT_NAME = RKSwipeBetweenViewControllersTests;
				TEST_HOST = "$(BUNDLE_LOADER)";
				WRAPPER_EXTENSION = xctest;
			};
			name = Debug;
		};
		993A28D019804DD900B9F8F0 /* Release */ = {
			isa = XCBuildConfiguration;
			buildSettings = {
				BUNDLE_LOADER = "$(BUILT_PRODUCTS_DIR)/RKScrollingSegmentedControl.app/RKScrollingSegmentedControl";
				FRAMEWORK_SEARCH_PATHS = (
					"$(SDKROOT)/Developer/Library/Frameworks",
					"$(inherited)",
					"$(DEVELOPER_FRAMEWORKS_DIR)",
				);
				GCC_PRECOMPILE_PREFIX_HEADER = YES;
				GCC_PREFIX_HEADER = "RKScrollingSegmentedControl/RKScrollingSegmentedControl-Prefix.pch";
				INFOPLIST_FILE = "RKScrollingSegmentedControlTests/RKSwipeBetweenViewControllersTests-Info.plist";
				PRODUCT_NAME = RKSwipeBetweenViewControllersTests;
				TEST_HOST = "$(BUNDLE_LOADER)";
				WRAPPER_EXTENSION = xctest;
			};
			name = Release;
		};
/* End XCBuildConfiguration section */

/* Begin XCConfigurationList section */
		993A289419804DD800B9F8F0 /* Build configuration list for PBXProject "RKSwipeBetweenViewControllers" */ = {
			isa = XCConfigurationList;
			buildConfigurations = (
				993A28C919804DD900B9F8F0 /* Debug */,
				993A28CA19804DD900B9F8F0 /* Release */,
			);
			defaultConfigurationIsVisible = 0;
			defaultConfigurationName = Release;
		};
		993A28CB19804DD900B9F8F0 /* Build configuration list for PBXNativeTarget "RKSwipeBetweenViewControllers" */ = {
			isa = XCConfigurationList;
			buildConfigurations = (
				993A28CC19804DD900B9F8F0 /* Debug */,
				993A28CD19804DD900B9F8F0 /* Release */,
			);
			defaultConfigurationIsVisible = 0;
			defaultConfigurationName = Release;
		};
		993A28CE19804DD900B9F8F0 /* Build configuration list for PBXNativeTarget "RKSwipeBetweenViewControllersTests" */ = {
			isa = XCConfigurationList;
			buildConfigurations = (
				993A28CF19804DD900B9F8F0 /* Debug */,
				993A28D019804DD900B9F8F0 /* Release */,
			);
			defaultConfigurationIsVisible = 0;
			defaultConfigurationName = Release;
		};
/* End XCConfigurationList section */
	};
	rootObject = 993A289119804DD800B9F8F0 /* Project object */;
}
